
Microsoft Visual Studio Solution File, Format Version 12.00
# Visual Studio Version 16
VisualStudioVersion = 16.0.29424.173
MinimumVisualStudioVersion = 10.0.40219.1
Project("{FAE04EC0-301F-11D3-BF4B-00C04F79EFBC}") = "console cookie clicker", "console cookie clicker\console cookie clicker.csproj", "{1729B7F1-4B45-4F4C-868D-70AF79249B83}"
EndProject
Global
	GlobalSection(SolutionConfigurationPlatforms) = preSolution
		Debug|Any CPU = Debug|Any CPU
		Release|Any CPU = Release|Any CPU
	EndGlobalSection
	GlobalSection(ProjectConfigurationPlatforms) = postSolution
		{1729B7F1-4B45-4F4C-868D-70AF79249B83}.Debug|Any CPU.ActiveCfg = Debug|Any CPU
		{1729B7F1-4B45-4F4C-868D-70AF79249B83}.Debug|Any CPU.Build.0 = Debug|Any CPU
		{1729B7F1-4B45-4F4C-868D-70AF79249B83}.Release|Any CPU.ActiveCfg = Release|Any CPU
		{1729B7F1-4B45-4F4C-868D-70AF79249B83}.Release|Any CPU.Build.0 = Release|Any CPU
	EndGlobalSection
	GlobalSection(SolutionProperties) = preSolution
		HideSolutionNode = FALSE
	EndGlobalSection
	GlobalSection(ExtensibilityGlobals) = postSolution
		SolutionGuid = {B3939765-02D1-4193-BFAE-FEE36C23DC14}
	EndGlobalSection
EndGlobal
